
Microsoft Visual Studio Solution File, Format Version 12.00
# Visual Studio Version 16
VisualStudioVersion = 16.0.28803.452
MinimumVisualStudioVersion = 10.0.40219.1
Project("{2150E333-8FDC-42A3-9474-1A3956D46DE8}") = "Study", "Study", "{A21A5882-83EA-4E47-BC63-8E9F76EA481E}"
	ProjectSection(SolutionItems) = preProject
		Nugets\README.MD = Nugets\README.MD
	EndProjectSection
EndProject
Project("{9A19103F-16F7-4668-BE54-9A1E7A4F7556}") = "NetStudy.Runner", "Study\NetStudy.Runner\NetStudy.Runner.csproj", "{C389DD85-51CF-4434-89FF-8D15A8ECCF31}"
EndProject
Project("{9A19103F-16F7-4668-BE54-9A1E7A4F7556}") = "NetSutdy.DesignPattern", "Study\NetStudy.DesignPattern\NetSutdy.DesignPattern.csproj", "{9BE646FD-C784-4BC5-BFEE-74BE27CF0D95}"
EndProject
Project("{9A19103F-16F7-4668-BE54-9A1E7A4F7556}") = "NetStudy.InDepth", "Study\NetStudy.InDepth\NetStudy.InDepth.csproj", "{D3946553-A695-4E21-B6DF-C5120F1BB82C}"
EndProject
Project("{9A19103F-16F7-4668-BE54-9A1E7A4F7556}") = "NetStudy.Core", "Study\NetStudy.Core\NetStudy.Core.csproj", "{DE0CDE82-4D0A-455F-B707-048E56FEDCF8}"
EndProject
Project("{2150E333-8FDC-42A3-9474-1A3956D46DE8}") = "Nugets", "Nugets", "{1B0BB06F-EFEA-4367-89E8-559C4A4A1F5E}"
	ProjectSection(SolutionItems) = preProject
		Nugets\README.MD = Nugets\README.MD
	EndProjectSection
EndProject
Project("{2150E333-8FDC-42A3-9474-1A3956D46DE8}") = "Books", "Books", "{7A0AF2D2-84B3-4880-B225-665F661A7BDA}"
EndProject
Project("{9A19103F-16F7-4668-BE54-9A1E7A4F7556}") = "CastleWindsor", "Nugets\CastleWindsor\CastleWindsor.csproj", "{B0D53A16-FC14-4D05-8E44-0A35AF3658D2}"
EndProject
Project("{9A19103F-16F7-4668-BE54-9A1E7A4F7556}") = "Redis", "Nugets\Redis\Redis.csproj", "{F44E664F-9B1D-4FC8-B52F-C3DB1C16F3FF}"
EndProject
Project("{9A19103F-16F7-4668-BE54-9A1E7A4F7556}") = "NetStudy.Tips", "Study\NetStudy.Tips\NetStudy.Tips.csproj", "{9A5853AC-0194-4666-8C8E-DAF5D26587E8}"
EndProject
Project("{9A19103F-16F7-4668-BE54-9A1E7A4F7556}") = "DomainDrivenDesign", "Books\DomainDrivenDesign\DomainDrivenDesign.csproj", "{4C8FFE75-9AE6-46BF-9088-0F2E28367984}"
EndProject
Project("{9A19103F-16F7-4668-BE54-9A1E7A4F7556}") = "DomainDrivenDesignQuick", "Books\DomainDrivenDesignQuick\DomainDrivenDesignQuick.csproj", "{E34B8508-2112-42FF-ABA4-0507F37FE634}"
EndProject
Project("{9A19103F-16F7-4668-BE54-9A1E7A4F7556}") = "NetStudy.EnterpriseApplicationArchitecture", "Books\EnterpriseApplicationArchitecture\NetStudy.EnterpriseApplicationArchitecture.csproj", "{531B82C5-FD5D-4B00-993E-AB876B3FFF6D}"
EndProject
Project("{9A19103F-16F7-4668-BE54-9A1E7A4F7556}") = "Effective_CSharp_Third", "Books\Effective_CSharp_Third\Effective_CSharp_Third.csproj", "{0F496B9C-3A01-4141-A03C-484D64F0A611}"
EndProject
Project("{9A19103F-16F7-4668-BE54-9A1E7A4F7556}") = "Elasticsearch_LowLevel", "Nugets\Elasticsearch.Net\Elasticsearch_LowLevel.csproj", "{586653ED-B97F-453E-B7F8-1CC882B0D8A4}"
EndProject
Project("{9A19103F-16F7-4668-BE54-9A1E7A4F7556}") = "Elasticsearch_HighLevel_NEST", "Nugets\Elasticsearch_NEST\Elasticsearch_HighLevel_NEST.csproj", "{F9D05B09-E8B9-4FAC-94F7-8D08566CBF91}"
EndProject
Project("{9A19103F-16F7-4668-BE54-9A1E7A4F7556}") = "BenchmarkDotNet", "Nugets\BenchmarkDotNet\BenchmarkDotNet.csproj", "{E6C22EF7-BB2D-496B-8480-B7C6EE20F654}"
EndProject
Project("{9A19103F-16F7-4668-BE54-9A1E7A4F7556}") = "CrackingTheCodingInterviews", "Books\CrackingTheCodingInterviews\CrackingTheCodingInterviews.csproj", "{CAC4C692-7A29-44C6-AE4A-8928EAEF66A4}"
EndProject
Project("{9A19103F-16F7-4668-BE54-9A1E7A4F7556}") = "NetStudy.Troubleshooting", "Study\NetStudy.Troubleshooting\NetStudy.Troubleshooting.csproj", "{C1B4663F-D901-4979-9AC7-B15A293D13CF}"
EndProject
Project("{9A19103F-16F7-4668-BE54-9A1E7A4F7556}") = "Docker", "Docker\Docker.csproj", "{2F19C37C-546E-455F-BC05-7F0666DB6FBF}"
EndProject
Project("{9A19103F-16F7-4668-BE54-9A1E7A4F7556}") = "_build", "build\_build.csproj", "{83E51735-3E71-46DF-A5B6-E10944CBA63B}"
EndProject
Project("{9A19103F-16F7-4668-BE54-9A1E7A4F7556}") = "NukeAutomation_Test", "tests\NukeAutomation_Test\NukeAutomation_Test.csproj", "{5AEB41DB-D1D0-44AA-B416-191F129BBF5D}"
EndProject
Project("{2150E333-8FDC-42A3-9474-1A3956D46DE8}") = "Tests", "Tests", "{83E1F7FA-7BF1-4912-A80B-66AFC34F0940}"
EndProject
Project("{9A19103F-16F7-4668-BE54-9A1E7A4F7556}") = "NetStudy.Algorithms", "Study\NetStudy.Algorithms\NetStudy.Algorithms.csproj", "{2CE1EECD-28C8-498F-BC62-DED207273E9F}"
EndProject
Project("{9A19103F-16F7-4668-BE54-9A1E7A4F7556}") = "Resharper_Test", "tests\Resharper_Test\Resharper_Test.csproj", "{B31CB8E5-4D2F-4FB7-B960-5D424578FE09}"
EndProject
Project("{9A19103F-16F7-4668-BE54-9A1E7A4F7556}") = "NSubstitute_Test", "tests\NSubstitute_Test\NSubstitute_Test.csproj", "{2B09F7CF-1D29-4AC4-973B-CA4C9A723D7A}"
EndProject
Project("{9A19103F-16F7-4668-BE54-9A1E7A4F7556}") = "MoreLINQ_Test", "tests\MoreLINQ_Test\MoreLINQ_Test.csproj", "{5C10119E-A42F-4229-B78D-C8F6064D2307}"
EndProject
Project("{9A19103F-16F7-4668-BE54-9A1E7A4F7556}") = "AutoMapper_Practice", "Nugets\AutoMapper_Practice\AutoMapper_Practice.csproj", "{02E8AD47-2881-42E8-A702-4A161E17036E}"
EndProject
Project("{9A19103F-16F7-4668-BE54-9A1E7A4F7556}") = "BenchmarkDotNet.Netframework.Console", "Nugets\BenchmarkDotNet.Netframework.Console\BenchmarkDotNet.Netframework.Console.csproj", "{4A46E3BC-3F66-4BCF-A652-FB7E0F8B1763}"
EndProject
Project("{2150E333-8FDC-42A3-9474-1A3956D46DE8}") = "Build", "Build", "{EE993EF6-423E-4BA8-AC50-315767986B63}"
EndProject
Project("{9A19103F-16F7-4668-BE54-9A1E7A4F7556}") = "Greeter", "Nugets\gRPC\Greeter\Greeter.csproj", "{A909F7BB-A886-4644-9008-F4B4B14E5F68}"
EndProject
Project("{2150E333-8FDC-42A3-9474-1A3956D46DE8}") = "gRPC", "gRPC", "{F00AB2AA-2A77-425D-9744-9F3A62DFA551}"
EndProject
Project("{9A19103F-16F7-4668-BE54-9A1E7A4F7556}") = "RxNet", "Nugets\RxNet\RxNet.csproj", "{A1879E5A-231B-4249-B049-30A976EC5549}"
EndProject
Project("{9A19103F-16F7-4668-BE54-9A1E7A4F7556}") = "NetStudy.Channels", "NetStudy.Channel\NetStudy.Channels.csproj", "{B61C83B3-A04D-4435-8AE7-3837694B0C03}"
EndProject
Project("{9A19103F-16F7-4668-BE54-9A1E7A4F7556}") = "NoSQL.DynamoDB", "DynamoDB\NoSQL.DynamoDB.csproj", "{C393EF40-13B1-4F55-906C-4F5F8038316B}"
EndProject
Project("{FAE04EC0-301F-11D3-BF4B-00C04F79EFBC}") = "Cassandra_Practice", "Cassandra_Practice\Cassandra_Practice.csproj", "{1BDFF5B1-B63F-429C-9234-349A05E4688F}"
EndProject
Global
	GlobalSection(SolutionConfigurationPlatforms) = preSolution
		Debug|Any CPU = Debug|Any CPU
		Release|Any CPU = Release|Any CPU
	EndGlobalSection
	GlobalSection(ProjectConfigurationPlatforms) = postSolution
		{C389DD85-51CF-4434-89FF-8D15A8ECCF31}.Debug|Any CPU.ActiveCfg = Debug|Any CPU
		{C389DD85-51CF-4434-89FF-8D15A8ECCF31}.Debug|Any CPU.Build.0 = Debug|Any CPU
		{C389DD85-51CF-4434-89FF-8D15A8ECCF31}.Release|Any CPU.ActiveCfg = Release|Any CPU
		{C389DD85-51CF-4434-89FF-8D15A8ECCF31}.Release|Any CPU.Build.0 = Release|Any CPU
		{9BE646FD-C784-4BC5-BFEE-74BE27CF0D95}.Debug|Any CPU.ActiveCfg = Debug|Any CPU
		{9BE646FD-C784-4BC5-BFEE-74BE27CF0D95}.Debug|Any CPU.Build.0 = Debug|Any CPU
		{9BE646FD-C784-4BC5-BFEE-74BE27CF0D95}.Release|Any CPU.ActiveCfg = Release|Any CPU
		{9BE646FD-C784-4BC5-BFEE-74BE27CF0D95}.Release|Any CPU.Build.0 = Release|Any CPU
		{D3946553-A695-4E21-B6DF-C5120F1BB82C}.Debug|Any CPU.ActiveCfg = Debug|Any CPU
		{D3946553-A695-4E21-B6DF-C5120F1BB82C}.Debug|Any CPU.Build.0 = Debug|Any CPU
		{D3946553-A695-4E21-B6DF-C5120F1BB82C}.Release|Any CPU.ActiveCfg = Release|Any CPU
		{D3946553-A695-4E21-B6DF-C5120F1BB82C}.Release|Any CPU.Build.0 = Release|Any CPU
		{DE0CDE82-4D0A-455F-B707-048E56FEDCF8}.Debug|Any CPU.ActiveCfg = Debug|Any CPU
		{DE0CDE82-4D0A-455F-B707-048E56FEDCF8}.Debug|Any CPU.Build.0 = Debug|Any CPU
		{DE0CDE82-4D0A-455F-B707-048E56FEDCF8}.Release|Any CPU.ActiveCfg = Release|Any CPU
		{DE0CDE82-4D0A-455F-B707-048E56FEDCF8}.Release|Any CPU.Build.0 = Release|Any CPU
		{B0D53A16-FC14-4D05-8E44-0A35AF3658D2}.Debug|Any CPU.ActiveCfg = Debug|Any CPU
		{B0D53A16-FC14-4D05-8E44-0A35AF3658D2}.Debug|Any CPU.Build.0 = Debug|Any CPU
		{B0D53A16-FC14-4D05-8E44-0A35AF3658D2}.Release|Any CPU.ActiveCfg = Release|Any CPU
		{B0D53A16-FC14-4D05-8E44-0A35AF3658D2}.Release|Any CPU.Build.0 = Release|Any CPU
		{F44E664F-9B1D-4FC8-B52F-C3DB1C16F3FF}.Debug|Any CPU.ActiveCfg = Debug|Any CPU
		{F44E664F-9B1D-4FC8-B52F-C3DB1C16F3FF}.Debug|Any CPU.Build.0 = Debug|Any CPU
		{F44E664F-9B1D-4FC8-B52F-C3DB1C16F3FF}.Release|Any CPU.ActiveCfg = Release|Any CPU
		{F44E664F-9B1D-4FC8-B52F-C3DB1C16F3FF}.Release|Any CPU.Build.0 = Release|Any CPU
		{9A5853AC-0194-4666-8C8E-DAF5D26587E8}.Debug|Any CPU.ActiveCfg = Debug|Any CPU
		{9A5853AC-0194-4666-8C8E-DAF5D26587E8}.Debug|Any CPU.Build.0 = Debug|Any CPU
		{9A5853AC-0194-4666-8C8E-DAF5D26587E8}.Release|Any CPU.ActiveCfg = Release|Any CPU
		{9A5853AC-0194-4666-8C8E-DAF5D26587E8}.Release|Any CPU.Build.0 = Release|Any CPU
		{4C8FFE75-9AE6-46BF-9088-0F2E28367984}.Debug|Any CPU.ActiveCfg = Debug|Any CPU
		{4C8FFE75-9AE6-46BF-9088-0F2E28367984}.Debug|Any CPU.Build.0 = Debug|Any CPU
		{4C8FFE75-9AE6-46BF-9088-0F2E28367984}.Release|Any CPU.ActiveCfg = Release|Any CPU
		{4C8FFE75-9AE6-46BF-9088-0F2E28367984}.Release|Any CPU.Build.0 = Release|Any CPU
		{E34B8508-2112-42FF-ABA4-0507F37FE634}.Debug|Any CPU.ActiveCfg = Debug|Any CPU
		{E34B8508-2112-42FF-ABA4-0507F37FE634}.Debug|Any CPU.Build.0 = Debug|Any CPU
		{E34B8508-2112-42FF-ABA4-0507F37FE634}.Release|Any CPU.ActiveCfg = Release|Any CPU
		{E34B8508-2112-42FF-ABA4-0507F37FE634}.Release|Any CPU.Build.0 = Release|Any CPU
		{531B82C5-FD5D-4B00-993E-AB876B3FFF6D}.Debug|Any CPU.ActiveCfg = Debug|Any CPU
		{531B82C5-FD5D-4B00-993E-AB876B3FFF6D}.Debug|Any CPU.Build.0 = Debug|Any CPU
		{531B82C5-FD5D-4B00-993E-AB876B3FFF6D}.Release|Any CPU.ActiveCfg = Release|Any CPU
		{531B82C5-FD5D-4B00-993E-AB876B3FFF6D}.Release|Any CPU.Build.0 = Release|Any CPU
		{0F496B9C-3A01-4141-A03C-484D64F0A611}.Debug|Any CPU.ActiveCfg = Debug|Any CPU
		{0F496B9C-3A01-4141-A03C-484D64F0A611}.Debug|Any CPU.Build.0 = Debug|Any CPU
		{0F496B9C-3A01-4141-A03C-484D64F0A611}.Release|Any CPU.ActiveCfg = Release|Any CPU
		{0F496B9C-3A01-4141-A03C-484D64F0A611}.Release|Any CPU.Build.0 = Release|Any CPU
		{586653ED-B97F-453E-B7F8-1CC882B0D8A4}.Debug|Any CPU.ActiveCfg = Debug|Any CPU
		{586653ED-B97F-453E-B7F8-1CC882B0D8A4}.Debug|Any CPU.Build.0 = Debug|Any CPU
		{586653ED-B97F-453E-B7F8-1CC882B0D8A4}.Release|Any CPU.ActiveCfg = Release|Any CPU
		{586653ED-B97F-453E-B7F8-1CC882B0D8A4}.Release|Any CPU.Build.0 = Release|Any CPU
		{F9D05B09-E8B9-4FAC-94F7-8D08566CBF91}.Debug|Any CPU.ActiveCfg = Debug|Any CPU
		{F9D05B09-E8B9-4FAC-94F7-8D08566CBF91}.Debug|Any CPU.Build.0 = Debug|Any CPU
		{F9D05B09-E8B9-4FAC-94F7-8D08566CBF91}.Release|Any CPU.ActiveCfg = Release|Any CPU
		{F9D05B09-E8B9-4FAC-94F7-8D08566CBF91}.Release|Any CPU.Build.0 = Release|Any CPU
		{E6C22EF7-BB2D-496B-8480-B7C6EE20F654}.Debug|Any CPU.ActiveCfg = Debug|Any CPU
		{E6C22EF7-BB2D-496B-8480-B7C6EE20F654}.Debug|Any CPU.Build.0 = Debug|Any CPU
		{E6C22EF7-BB2D-496B-8480-B7C6EE20F654}.Release|Any CPU.ActiveCfg = Release|Any CPU
		{E6C22EF7-BB2D-496B-8480-B7C6EE20F654}.Release|Any CPU.Build.0 = Release|Any CPU
		{CAC4C692-7A29-44C6-AE4A-8928EAEF66A4}.Debug|Any CPU.ActiveCfg = Debug|Any CPU
		{CAC4C692-7A29-44C6-AE4A-8928EAEF66A4}.Debug|Any CPU.Build.0 = Debug|Any CPU
		{CAC4C692-7A29-44C6-AE4A-8928EAEF66A4}.Release|Any CPU.ActiveCfg = Release|Any CPU
		{CAC4C692-7A29-44C6-AE4A-8928EAEF66A4}.Release|Any CPU.Build.0 = Release|Any CPU
		{C1B4663F-D901-4979-9AC7-B15A293D13CF}.Debug|Any CPU.ActiveCfg = Debug|Any CPU
		{C1B4663F-D901-4979-9AC7-B15A293D13CF}.Debug|Any CPU.Build.0 = Debug|Any CPU
		{C1B4663F-D901-4979-9AC7-B15A293D13CF}.Release|Any CPU.ActiveCfg = Release|Any CPU
		{C1B4663F-D901-4979-9AC7-B15A293D13CF}.Release|Any CPU.Build.0 = Release|Any CPU
		{2F19C37C-546E-455F-BC05-7F0666DB6FBF}.Debug|Any CPU.ActiveCfg = Debug|Any CPU
		{2F19C37C-546E-455F-BC05-7F0666DB6FBF}.Debug|Any CPU.Build.0 = Debug|Any CPU
		{2F19C37C-546E-455F-BC05-7F0666DB6FBF}.Release|Any CPU.ActiveCfg = Release|Any CPU
		{2F19C37C-546E-455F-BC05-7F0666DB6FBF}.Release|Any CPU.Build.0 = Release|Any CPU
		{83E51735-3E71-46DF-A5B6-E10944CBA63B}.Debug|Any CPU.ActiveCfg = Debug|Any CPU
		{83E51735-3E71-46DF-A5B6-E10944CBA63B}.Release|Any CPU.ActiveCfg = Release|Any CPU
		{5AEB41DB-D1D0-44AA-B416-191F129BBF5D}.Debug|Any CPU.ActiveCfg = Debug|Any CPU
		{5AEB41DB-D1D0-44AA-B416-191F129BBF5D}.Debug|Any CPU.Build.0 = Debug|Any CPU
		{5AEB41DB-D1D0-44AA-B416-191F129BBF5D}.Release|Any CPU.ActiveCfg = Release|Any CPU
		{5AEB41DB-D1D0-44AA-B416-191F129BBF5D}.Release|Any CPU.Build.0 = Release|Any CPU
		{2CE1EECD-28C8-498F-BC62-DED207273E9F}.Debug|Any CPU.ActiveCfg = Debug|Any CPU
		{2CE1EECD-28C8-498F-BC62-DED207273E9F}.Debug|Any CPU.Build.0 = Debug|Any CPU
		{2CE1EECD-28C8-498F-BC62-DED207273E9F}.Release|Any CPU.ActiveCfg = Release|Any CPU
		{2CE1EECD-28C8-498F-BC62-DED207273E9F}.Release|Any CPU.Build.0 = Release|Any CPU
		{B31CB8E5-4D2F-4FB7-B960-5D424578FE09}.Debug|Any CPU.ActiveCfg = Debug|Any CPU
		{B31CB8E5-4D2F-4FB7-B960-5D424578FE09}.Debug|Any CPU.Build.0 = Debug|Any CPU
		{B31CB8E5-4D2F-4FB7-B960-5D424578FE09}.Release|Any CPU.ActiveCfg = Release|Any CPU
		{B31CB8E5-4D2F-4FB7-B960-5D424578FE09}.Release|Any CPU.Build.0 = Release|Any CPU
		{2B09F7CF-1D29-4AC4-973B-CA4C9A723D7A}.Debug|Any CPU.ActiveCfg = Debug|Any CPU
		{2B09F7CF-1D29-4AC4-973B-CA4C9A723D7A}.Debug|Any CPU.Build.0 = Debug|Any CPU
		{2B09F7CF-1D29-4AC4-973B-CA4C9A723D7A}.Release|Any CPU.ActiveCfg = Release|Any CPU
		{2B09F7CF-1D29-4AC4-973B-CA4C9A723D7A}.Release|Any CPU.Build.0 = Release|Any CPU
		{5C10119E-A42F-4229-B78D-C8F6064D2307}.Debug|Any CPU.ActiveCfg = Debug|Any CPU
		{5C10119E-A42F-4229-B78D-C8F6064D2307}.Debug|Any CPU.Build.0 = Debug|Any CPU
		{5C10119E-A42F-4229-B78D-C8F6064D2307}.Release|Any CPU.ActiveCfg = Release|Any CPU
		{5C10119E-A42F-4229-B78D-C8F6064D2307}.Release|Any CPU.Build.0 = Release|Any CPU
		{02E8AD47-2881-42E8-A702-4A161E17036E}.Debug|Any CPU.ActiveCfg = Debug|Any CPU
		{02E8AD47-2881-42E8-A702-4A161E17036E}.Debug|Any CPU.Build.0 = Debug|Any CPU
		{02E8AD47-2881-42E8-A702-4A161E17036E}.Release|Any CPU.ActiveCfg = Release|Any CPU
		{02E8AD47-2881-42E8-A702-4A161E17036E}.Release|Any CPU.Build.0 = Release|Any CPU
		{4A46E3BC-3F66-4BCF-A652-FB7E0F8B1763}.Debug|Any CPU.ActiveCfg = Debug|Any CPU
		{4A46E3BC-3F66-4BCF-A652-FB7E0F8B1763}.Debug|Any CPU.Build.0 = Debug|Any CPU
		{4A46E3BC-3F66-4BCF-A652-FB7E0F8B1763}.Release|Any CPU.ActiveCfg = Release|Any CPU
		{4A46E3BC-3F66-4BCF-A652-FB7E0F8B1763}.Release|Any CPU.Build.0 = Release|Any CPU
		{A909F7BB-A886-4644-9008-F4B4B14E5F68}.Debug|Any CPU.ActiveCfg = Debug|Any CPU
		{A909F7BB-A886-4644-9008-F4B4B14E5F68}.Debug|Any CPU.Build.0 = Debug|Any CPU
		{A909F7BB-A886-4644-9008-F4B4B14E5F68}.Release|Any CPU.ActiveCfg = Release|Any CPU
		{A909F7BB-A886-4644-9008-F4B4B14E5F68}.Release|Any CPU.Build.0 = Release|Any CPU
		{A1879E5A-231B-4249-B049-30A976EC5549}.Debug|Any CPU.ActiveCfg = Debug|Any CPU
		{A1879E5A-231B-4249-B049-30A976EC5549}.Debug|Any CPU.Build.0 = Debug|Any CPU
		{A1879E5A-231B-4249-B049-30A976EC5549}.Release|Any CPU.ActiveCfg = Release|Any CPU
		{A1879E5A-231B-4249-B049-30A976EC5549}.Release|Any CPU.Build.0 = Release|Any CPU
		{B61C83B3-A04D-4435-8AE7-3837694B0C03}.Debug|Any CPU.ActiveCfg = Debug|Any CPU
		{B61C83B3-A04D-4435-8AE7-3837694B0C03}.Debug|Any CPU.Build.0 = Debug|Any CPU
		{B61C83B3-A04D-4435-8AE7-3837694B0C03}.Release|Any CPU.ActiveCfg = Release|Any CPU
		{B61C83B3-A04D-4435-8AE7-3837694B0C03}.Release|Any CPU.Build.0 = Release|Any CPU
		{C393EF40-13B1-4F55-906C-4F5F8038316B}.Debug|Any CPU.ActiveCfg = Debug|Any CPU
		{C393EF40-13B1-4F55-906C-4F5F8038316B}.Debug|Any CPU.Build.0 = Debug|Any CPU
		{C393EF40-13B1-4F55-906C-4F5F8038316B}.Release|Any CPU.ActiveCfg = Release|Any CPU
		{C393EF40-13B1-4F55-906C-4F5F8038316B}.Release|Any CPU.Build.0 = Release|Any CPU
		{1BDFF5B1-B63F-429C-9234-349A05E4688F}.Debug|Any CPU.ActiveCfg = Debug|Any CPU
		{1BDFF5B1-B63F-429C-9234-349A05E4688F}.Debug|Any CPU.Build.0 = Debug|Any CPU
		{1BDFF5B1-B63F-429C-9234-349A05E4688F}.Release|Any CPU.ActiveCfg = Release|Any CPU
		{1BDFF5B1-B63F-429C-9234-349A05E4688F}.Release|Any CPU.Build.0 = Release|Any CPU
	EndGlobalSection
	GlobalSection(SolutionProperties) = preSolution
		HideSolutionNode = FALSE
	EndGlobalSection
	GlobalSection(NestedProjects) = preSolution
		{9BE646FD-C784-4BC5-BFEE-74BE27CF0D95} = {A21A5882-83EA-4E47-BC63-8E9F76EA481E}
		{D3946553-A695-4E21-B6DF-C5120F1BB82C} = {A21A5882-83EA-4E47-BC63-8E9F76EA481E}
		{DE0CDE82-4D0A-455F-B707-048E56FEDCF8} = {A21A5882-83EA-4E47-BC63-8E9F76EA481E}
		{B0D53A16-FC14-4D05-8E44-0A35AF3658D2} = {1B0BB06F-EFEA-4367-89E8-559C4A4A1F5E}
		{F44E664F-9B1D-4FC8-B52F-C3DB1C16F3FF} = {1B0BB06F-EFEA-4367-89E8-559C4A4A1F5E}
		{9A5853AC-0194-4666-8C8E-DAF5D26587E8} = {A21A5882-83EA-4E47-BC63-8E9F76EA481E}
		{4C8FFE75-9AE6-46BF-9088-0F2E28367984} = {7A0AF2D2-84B3-4880-B225-665F661A7BDA}
		{E34B8508-2112-42FF-ABA4-0507F37FE634} = {7A0AF2D2-84B3-4880-B225-665F661A7BDA}
		{531B82C5-FD5D-4B00-993E-AB876B3FFF6D} = {7A0AF2D2-84B3-4880-B225-665F661A7BDA}
		{0F496B9C-3A01-4141-A03C-484D64F0A611} = {7A0AF2D2-84B3-4880-B225-665F661A7BDA}
		{586653ED-B97F-453E-B7F8-1CC882B0D8A4} = {1B0BB06F-EFEA-4367-89E8-559C4A4A1F5E}
		{F9D05B09-E8B9-4FAC-94F7-8D08566CBF91} = {1B0BB06F-EFEA-4367-89E8-559C4A4A1F5E}
		{E6C22EF7-BB2D-496B-8480-B7C6EE20F654} = {1B0BB06F-EFEA-4367-89E8-559C4A4A1F5E}
		{CAC4C692-7A29-44C6-AE4A-8928EAEF66A4} = {7A0AF2D2-84B3-4880-B225-665F661A7BDA}
		{C1B4663F-D901-4979-9AC7-B15A293D13CF} = {A21A5882-83EA-4E47-BC63-8E9F76EA481E}
		{2F19C37C-546E-455F-BC05-7F0666DB6FBF} = {A21A5882-83EA-4E47-BC63-8E9F76EA481E}
		{83E51735-3E71-46DF-A5B6-E10944CBA63B} = {EE993EF6-423E-4BA8-AC50-315767986B63}
		{5AEB41DB-D1D0-44AA-B416-191F129BBF5D} = {83E1F7FA-7BF1-4912-A80B-66AFC34F0940}
		{2CE1EECD-28C8-498F-BC62-DED207273E9F} = {A21A5882-83EA-4E47-BC63-8E9F76EA481E}
		{B31CB8E5-4D2F-4FB7-B960-5D424578FE09} = {83E1F7FA-7BF1-4912-A80B-66AFC34F0940}
		{2B09F7CF-1D29-4AC4-973B-CA4C9A723D7A} = {83E1F7FA-7BF1-4912-A80B-66AFC34F0940}
		{5C10119E-A42F-4229-B78D-C8F6064D2307} = {83E1F7FA-7BF1-4912-A80B-66AFC34F0940}
		{02E8AD47-2881-42E8-A702-4A161E17036E} = {1B0BB06F-EFEA-4367-89E8-559C4A4A1F5E}
		{4A46E3BC-3F66-4BCF-A652-FB7E0F8B1763} = {1B0BB06F-EFEA-4367-89E8-559C4A4A1F5E}
		{A909F7BB-A886-4644-9008-F4B4B14E5F68} = {F00AB2AA-2A77-425D-9744-9F3A62DFA551}
		{F00AB2AA-2A77-425D-9744-9F3A62DFA551} = {1B0BB06F-EFEA-4367-89E8-559C4A4A1F5E}
		{A1879E5A-231B-4249-B049-30A976EC5549} = {1B0BB06F-EFEA-4367-89E8-559C4A4A1F5E}
		{B61C83B3-A04D-4435-8AE7-3837694B0C03} = {A21A5882-83EA-4E47-BC63-8E9F76EA481E}
		{C393EF40-13B1-4F55-906C-4F5F8038316B} = {A21A5882-83EA-4E47-BC63-8E9F76EA481E}
		{1BDFF5B1-B63F-429C-9234-349A05E4688F} = {1B0BB06F-EFEA-4367-89E8-559C4A4A1F5E}
	EndGlobalSection
	GlobalSection(ExtensibilityGlobals) = postSolution
		SolutionGuid = {A2E0FFB4-5289-4AD9-BEB6-ECDD08DBBB60}
	EndGlobalSection
EndGlobal
